uuid: 4085a354-5fd2-4c44-b9a8-2b7baa81ef10
langcode: en
status: false
dependencies:
  module:
    - announcements_feed
active_version: e409926e0a976ca9
versioned_properties:
  active:
    settings:
      default_settings:
        id: announce_block
        label: 'Announcements Feed'
        label_display: '0'
        provider: announcements_feed
    fallback_metadata:
      slot_definitions: null
  ba9c7263bee161ed:
    settings:
      default_settings:
        id: announce_block
        label: 'Announcements Feed'
        label_display: '0'
        provider: announcements_feed
    fallback_metadata:
      slot_definitions: null
label: 'Announcements Feed'
id: block.announce_block
provider: announcements_feed
source: block
source_local_id: announce_block
